// !$*UTF8*$!
{
	archiveVersion = 1;
	classes = {
	};
	objectVersion = 50;
	objects = {

/* Begin PBXBuildFile section */
		02608DC8870081EDE9A6A65F /* Pods_HowToTests.framework in Frameworks */ = {isa = PBXBuildFile; fileRef = 1B6D8B6AB06D53CCA5DFC0F3 /* Pods_HowToTests.framework */; };
		1D034C302478EFCC007589EA /* HomeTableViewCell.swift in Sources */ = {isa = PBXBuildFile; fileRef = 1D034C2F2478EFCC007589EA /* HomeTableViewCell.swift */; };
		1D565AB72478BAA2007DD5EC /* AppDelegate.swift in Sources */ = {isa = PBXBuildFile; fileRef = 1D565AB62478BAA2007DD5EC /* AppDelegate.swift */; };
		1D565AB92478BAA2007DD5EC /* SceneDelegate.swift in Sources */ = {isa = PBXBuildFile; fileRef = 1D565AB82478BAA2007DD5EC /* SceneDelegate.swift */; };
		1D565ABB2478BAA2007DD5EC /* HomeViewController.swift in Sources */ = {isa = PBXBuildFile; fileRef = 1D565ABA2478BAA2007DD5EC /* HomeViewController.swift */; };
		1D565ABE2478BAA2007DD5EC /* Main.storyboard in Resources */ = {isa = PBXBuildFile; fileRef = 1D565ABC2478BAA2007DD5EC /* Main.storyboard */; };
		1D565AC12478BAA2007DD5EC /* HowTo.xcdatamodeld in Sources */ = {isa = PBXBuildFile; fileRef = 1D565ABF2478BAA2007DD5EC /* HowTo.xcdatamodeld */; };
		1D565AC32478BAA3007DD5EC /* Assets.xcassets in Resources */ = {isa = PBXBuildFile; fileRef = 1D565AC22478BAA3007DD5EC /* Assets.xcassets */; };
		1D565AC62478BAA3007DD5EC /* LaunchScreen.storyboard in Resources */ = {isa = PBXBuildFile; fileRef = 1D565AC42478BAA3007DD5EC /* LaunchScreen.storyboard */; };
		1D565AD12478BAA3007DD5EC /* HowToTests.swift in Sources */ = {isa = PBXBuildFile; fileRef = 1D565AD02478BAA3007DD5EC /* HowToTests.swift */; };
		1D565ADC2478BAA3007DD5EC /* HowToUITests.swift in Sources */ = {isa = PBXBuildFile; fileRef = 1D565ADB2478BAA3007DD5EC /* HowToUITests.swift */; };
		1D565AF02478BB8E007DD5EC /* CoreDataStack.swift in Sources */ = {isa = PBXBuildFile; fileRef = 1D565AEF2478BB8E007DD5EC /* CoreDataStack.swift */; };
		1D565AF22478C05F007DD5EC /* Onboarding.storyboard in Resources */ = {isa = PBXBuildFile; fileRef = 1D565AF12478C05F007DD5EC /* Onboarding.storyboard */; };
		1D565AF42478C52D007DD5EC /* OnboardingViewController.swift in Sources */ = {isa = PBXBuildFile; fileRef = 1D565AF32478C52D007DD5EC /* OnboardingViewController.swift */; };
		1D798C25247F355000C14413 /* AddTitleViewController.swift in Sources */ = {isa = PBXBuildFile; fileRef = 1D798C24247F355000C14413 /* AddTitleViewController.swift */; };
		1D798C27247F35F000C14413 /* AddImageViewController.swift in Sources */ = {isa = PBXBuildFile; fileRef = 1D798C26247F35F000C14413 /* AddImageViewController.swift */; };
		1D7DC633247DBECB0001D01B /* Date+TimeAgoDisplay.swift in Sources */ = {isa = PBXBuildFile; fileRef = 1D7DC632247DBECA0001D01B /* Date+TimeAgoDisplay.swift */; };
		1D7DC635247E3E5A0001D01B /* Tutorial.swift in Sources */ = {isa = PBXBuildFile; fileRef = 1D7DC634247E3E5A0001D01B /* Tutorial.swift */; };
		1D7DC638247ED2930001D01B /* MockNetworkDataLoader.swift in Sources */ = {isa = PBXBuildFile; fileRef = 1D7DC637247ED2930001D01B /* MockNetworkDataLoader.swift */; };
		1D7DC63A247ED31E0001D01B /* NetworkDataLoader.swift in Sources */ = {isa = PBXBuildFile; fileRef = 1D7DC639247ED31E0001D01B /* NetworkDataLoader.swift */; };
		1D7DC63C247ED4680001D01B /* URLSession+NetworkDataLoader.swift in Sources */ = {isa = PBXBuildFile; fileRef = 1D7DC63B247ED4680001D01B /* URLSession+NetworkDataLoader.swift */; };
		1D7DC63F247ED5180001D01B /* GoodData.json in Resources */ = {isa = PBXBuildFile; fileRef = 1D7DC63D247ED5180001D01B /* GoodData.json */; };
		1D7DC640247ED5180001D01B /* BadData.json in Resources */ = {isa = PBXBuildFile; fileRef = 1D7DC63E247ED5180001D01B /* BadData.json */; };
		1D90C0B92478E44C00CB3A67 /* MenuListController.swift in Sources */ = {isa = PBXBuildFile; fileRef = 1D90C0B82478E44C00CB3A67 /* MenuListController.swift */; };
		1DC4D6CD2479C3F100E7BA74 /* String+Keys.swift in Sources */ = {isa = PBXBuildFile; fileRef = 1DC4D6CC2479C3F100E7BA74 /* String+Keys.swift */; };
		1DC4D6D32479EFA500E7BA74 /* LoginSignupViewController.swift in Sources */ = {isa = PBXBuildFile; fileRef = 1DC4D6D22479EFA500E7BA74 /* LoginSignupViewController.swift */; };
		1DC4D6D52479F39D00E7BA74 /* UIImage+RoundedImage.swift in Sources */ = {isa = PBXBuildFile; fileRef = 1DC4D6D42479F39D00E7BA74 /* UIImage+RoundedImage.swift */; };
		1DD132CC247B68A400F8B83A /* NewPost.storyboard in Resources */ = {isa = PBXBuildFile; fileRef = 1DD132CB247B68A400F8B83A /* NewPost.storyboard */; };
		1DDC460E247AE26F0081133D /* DetailViewController.swift in Sources */ = {isa = PBXBuildFile; fileRef = 1DDC460D247AE26F0081133D /* DetailViewController.swift */; };
		1DDD263F247C564400D53CC4 /* AddStepsViewController.swift in Sources */ = {isa = PBXBuildFile; fileRef = 1DDD263E247C564400D53CC4 /* AddStepsViewController.swift */; };
		1DDD2641247C5DE100D53CC4 /* AddDescriptionViewController.swift in Sources */ = {isa = PBXBuildFile; fileRef = 1DDD2640247C5DE100D53CC4 /* AddDescriptionViewController.swift */; };
		5E399FB7247D714A0081C3EA /* LoginSignupController.swift in Sources */ = {isa = PBXBuildFile; fileRef = 5E399FB6247D714A0081C3EA /* LoginSignupController.swift */; };
		5E399FB9247D717B0081C3EA /* NetworkController.swift in Sources */ = {isa = PBXBuildFile; fileRef = 5E399FB8247D717B0081C3EA /* NetworkController.swift */; };
		5E399FBB247D74350081C3EA /* Bearer.swift in Sources */ = {isa = PBXBuildFile; fileRef = 5E399FBA247D74350081C3EA /* Bearer.swift */; };
		5E399FBD247D8A8D0081C3EA /* User.swift in Sources */ = {isa = PBXBuildFile; fileRef = 5E399FBC247D8A8D0081C3EA /* User.swift */; };
		9C135BF949731A78D7380221 /* Pods_HowTo_HowToUITests.framework in Frameworks */ = {isa = PBXBuildFile; fileRef = 8F1A2A2B0B937979CFB663A1 /* Pods_HowTo_HowToUITests.framework */; };
		EC45C767E70E23CF66CA5D4C /* Pods_HowTo.framework in Frameworks */ = {isa = PBXBuildFile; fileRef = 217BBB3EFA2D8C26D9D41E7D /* Pods_HowTo.framework */; };
/* End PBXBuildFile section */

/* Begin PBXContainerItemProxy section */
		1D565ACD2478BAA3007DD5EC /* PBXContainerItemProxy */ = {
			isa = PBXContainerItemProxy;
			containerPortal = 1D565AAB2478BAA2007DD5EC /* Project object */;
			proxyType = 1;
			remoteGlobalIDString = 1D565AB22478BAA2007DD5EC;
			remoteInfo = HowTo;
		};
		1D565AD82478BAA3007DD5EC /* PBXContainerItemProxy */ = {
			isa = PBXContainerItemProxy;
			containerPortal = 1D565AAB2478BAA2007DD5EC /* Project object */;
			proxyType = 1;
			remoteGlobalIDString = 1D565AB22478BAA2007DD5EC;
			remoteInfo = HowTo;
		};
/* End PBXContainerItemProxy section */

/* Begin PBXFileReference section */
		0F3A040951B5B1D19F755258 /* Pods-HowTo-HowToUITests.release.xcconfig */ = {isa = PBXFileReference; includeInIndex = 1; lastKnownFileType = text.xcconfig; name = "Pods-HowTo-HowToUITests.release.xcconfig"; path = "Pods/Target Support Files/Pods-HowTo-HowToUITests/Pods-HowTo-HowToUITests.release.xcconfig"; sourceTree = "<group>"; };
		1B6D8B6AB06D53CCA5DFC0F3 /* Pods_HowToTests.framework */ = {isa = PBXFileReference; explicitFileType = wrapper.framework; includeInIndex = 0; path = Pods_HowToTests.framework; sourceTree = BUILT_PRODUCTS_DIR; };
		1D034C2F2478EFCC007589EA /* HomeTableViewCell.swift */ = {isa = PBXFileReference; lastKnownFileType = sourcecode.swift; path = HomeTableViewCell.swift; sourceTree = "<group>"; };
		1D565AB32478BAA2007DD5EC /* HowTo.app */ = {isa = PBXFileReference; explicitFileType = wrapper.application; includeInIndex = 0; path = HowTo.app; sourceTree = BUILT_PRODUCTS_DIR; };
		1D565AB62478BAA2007DD5EC /* AppDelegate.swift */ = {isa = PBXFileReference; lastKnownFileType = sourcecode.swift; path = AppDelegate.swift; sourceTree = "<group>"; };
		1D565AB82478BAA2007DD5EC /* SceneDelegate.swift */ = {isa = PBXFileReference; lastKnownFileType = sourcecode.swift; path = SceneDelegate.swift; sourceTree = "<group>"; };
		1D565ABA2478BAA2007DD5EC /* HomeViewController.swift */ = {isa = PBXFileReference; lastKnownFileType = sourcecode.swift; path = HomeViewController.swift; sourceTree = "<group>"; };
		1D565ABD2478BAA2007DD5EC /* Base */ = {isa = PBXFileReference; lastKnownFileType = file.storyboard; name = Base; path = Base.lproj/Main.storyboard; sourceTree = "<group>"; };
		1D565AC02478BAA2007DD5EC /* HowTo.xcdatamodel */ = {isa = PBXFileReference; lastKnownFileType = wrapper.xcdatamodel; path = HowTo.xcdatamodel; sourceTree = "<group>"; };
		1D565AC22478BAA3007DD5EC /* Assets.xcassets */ = {isa = PBXFileReference; lastKnownFileType = folder.assetcatalog; path = Assets.xcassets; sourceTree = "<group>"; };
		1D565AC52478BAA3007DD5EC /* Base */ = {isa = PBXFileReference; lastKnownFileType = file.storyboard; name = Base; path = Base.lproj/LaunchScreen.storyboard; sourceTree = "<group>"; };
		1D565AC72478BAA3007DD5EC /* Info.plist */ = {isa = PBXFileReference; lastKnownFileType = text.plist.xml; path = Info.plist; sourceTree = "<group>"; };
		1D565ACC2478BAA3007DD5EC /* HowToTests.xctest */ = {isa = PBXFileReference; explicitFileType = wrapper.cfbundle; includeInIndex = 0; path = HowToTests.xctest; sourceTree = BUILT_PRODUCTS_DIR; };
		1D565AD02478BAA3007DD5EC /* HowToTests.swift */ = {isa = PBXFileReference; lastKnownFileType = sourcecode.swift; path = HowToTests.swift; sourceTree = "<group>"; };
		1D565AD22478BAA3007DD5EC /* Info.plist */ = {isa = PBXFileReference; lastKnownFileType = text.plist.xml; path = Info.plist; sourceTree = "<group>"; };
		1D565AD72478BAA3007DD5EC /* HowToUITests.xctest */ = {isa = PBXFileReference; explicitFileType = wrapper.cfbundle; includeInIndex = 0; path = HowToUITests.xctest; sourceTree = BUILT_PRODUCTS_DIR; };
		1D565ADB2478BAA3007DD5EC /* HowToUITests.swift */ = {isa = PBXFileReference; lastKnownFileType = sourcecode.swift; path = HowToUITests.swift; sourceTree = "<group>"; };
		1D565ADD2478BAA3007DD5EC /* Info.plist */ = {isa = PBXFileReference; lastKnownFileType = text.plist.xml; path = Info.plist; sourceTree = "<group>"; };
		1D565AEF2478BB8E007DD5EC /* CoreDataStack.swift */ = {isa = PBXFileReference; lastKnownFileType = sourcecode.swift; path = CoreDataStack.swift; sourceTree = "<group>"; };
		1D565AF12478C05F007DD5EC /* Onboarding.storyboard */ = {isa = PBXFileReference; lastKnownFileType = file.storyboard; path = Onboarding.storyboard; sourceTree = "<group>"; };
		1D565AF32478C52D007DD5EC /* OnboardingViewController.swift */ = {isa = PBXFileReference; lastKnownFileType = sourcecode.swift; path = OnboardingViewController.swift; sourceTree = "<group>"; };
		1D798C24247F355000C14413 /* AddTitleViewController.swift */ = {isa = PBXFileReference; lastKnownFileType = sourcecode.swift; path = AddTitleViewController.swift; sourceTree = "<group>"; };
		1D798C26247F35F000C14413 /* AddImageViewController.swift */ = {isa = PBXFileReference; lastKnownFileType = sourcecode.swift; path = AddImageViewController.swift; sourceTree = "<group>"; };
		1D7DC632247DBECA0001D01B /* Date+TimeAgoDisplay.swift */ = {isa = PBXFileReference; lastKnownFileType = sourcecode.swift; path = "Date+TimeAgoDisplay.swift"; sourceTree = "<group>"; };
		1D7DC634247E3E5A0001D01B /* Tutorial.swift */ = {isa = PBXFileReference; lastKnownFileType = sourcecode.swift; path = Tutorial.swift; sourceTree = "<group>"; };
		1D7DC637247ED2930001D01B /* MockNetworkDataLoader.swift */ = {isa = PBXFileReference; lastKnownFileType = sourcecode.swift; path = MockNetworkDataLoader.swift; sourceTree = "<group>"; };
		1D7DC639247ED31E0001D01B /* NetworkDataLoader.swift */ = {isa = PBXFileReference; lastKnownFileType = sourcecode.swift; path = NetworkDataLoader.swift; sourceTree = "<group>"; };
		1D7DC63B247ED4680001D01B /* URLSession+NetworkDataLoader.swift */ = {isa = PBXFileReference; lastKnownFileType = sourcecode.swift; path = "URLSession+NetworkDataLoader.swift"; sourceTree = "<group>"; };
		1D7DC63D247ED5180001D01B /* GoodData.json */ = {isa = PBXFileReference; fileEncoding = 4; lastKnownFileType = text.json; path = GoodData.json; sourceTree = "<group>"; };
		1D7DC63E247ED5180001D01B /* BadData.json */ = {isa = PBXFileReference; fileEncoding = 4; lastKnownFileType = text.json; path = BadData.json; sourceTree = "<group>"; };
		1D90C0B82478E44C00CB3A67 /* MenuListController.swift */ = {isa = PBXFileReference; lastKnownFileType = sourcecode.swift; path = MenuListController.swift; sourceTree = "<group>"; };
		1DC4D6CC2479C3F100E7BA74 /* String+Keys.swift */ = {isa = PBXFileReference; lastKnownFileType = sourcecode.swift; path = "String+Keys.swift"; sourceTree = "<group>"; };
		1DC4D6D22479EFA500E7BA74 /* LoginSignupViewController.swift */ = {isa = PBXFileReference; lastKnownFileType = sourcecode.swift; path = LoginSignupViewController.swift; sourceTree = "<group>"; };
		1DC4D6D42479F39D00E7BA74 /* UIImage+RoundedImage.swift */ = {isa = PBXFileReference; lastKnownFileType = sourcecode.swift; path = "UIImage+RoundedImage.swift"; sourceTree = "<group>"; };
		1DD132CB247B68A400F8B83A /* NewPost.storyboard */ = {isa = PBXFileReference; lastKnownFileType = file.storyboard; path = NewPost.storyboard; sourceTree = "<group>"; };
		1DDC460D247AE26F0081133D /* DetailViewController.swift */ = {isa = PBXFileReference; lastKnownFileType = sourcecode.swift; path = DetailViewController.swift; sourceTree = "<group>"; };
		1DDD263E247C564400D53CC4 /* AddStepsViewController.swift */ = {isa = PBXFileReference; lastKnownFileType = sourcecode.swift; path = AddStepsViewController.swift; sourceTree = "<group>"; };
		1DDD2640247C5DE100D53CC4 /* AddDescriptionViewController.swift */ = {isa = PBXFileReference; lastKnownFileType = sourcecode.swift; path = AddDescriptionViewController.swift; sourceTree = "<group>"; };
		217BBB3EFA2D8C26D9D41E7D /* Pods_HowTo.framework */ = {isa = PBXFileReference; explicitFileType = wrapper.framework; includeInIndex = 0; path = Pods_HowTo.framework; sourceTree = BUILT_PRODUCTS_DIR; };
		5E399FB6247D714A0081C3EA /* LoginSignupController.swift */ = {isa = PBXFileReference; lastKnownFileType = sourcecode.swift; path = LoginSignupController.swift; sourceTree = "<group>"; };
		5E399FB8247D717B0081C3EA /* NetworkController.swift */ = {isa = PBXFileReference; lastKnownFileType = sourcecode.swift; path = NetworkController.swift; sourceTree = "<group>"; };
		5E399FBA247D74350081C3EA /* Bearer.swift */ = {isa = PBXFileReference; lastKnownFileType = sourcecode.swift; path = Bearer.swift; sourceTree = "<group>"; };
		5E399FBC247D8A8D0081C3EA /* User.swift */ = {isa = PBXFileReference; lastKnownFileType = sourcecode.swift; path = User.swift; sourceTree = "<group>"; };
		8F1A2A2B0B937979CFB663A1 /* Pods_HowTo_HowToUITests.framework */ = {isa = PBXFileReference; explicitFileType = wrapper.framework; includeInIndex = 0; path = Pods_HowTo_HowToUITests.framework; sourceTree = BUILT_PRODUCTS_DIR; };
		9223E716FC53A0AC440D82D2 /* Pods-HowTo.release.xcconfig */ = {isa = PBXFileReference; includeInIndex = 1; lastKnownFileType = text.xcconfig; name = "Pods-HowTo.release.xcconfig"; path = "Pods/Target Support Files/Pods-HowTo/Pods-HowTo.release.xcconfig"; sourceTree = "<group>"; };
		AE97AAE46CC4AE7DA3C49D6B /* Pods-HowToTests.debug.xcconfig */ = {isa = PBXFileReference; includeInIndex = 1; lastKnownFileType = text.xcconfig; name = "Pods-HowToTests.debug.xcconfig"; path = "Pods/Target Support Files/Pods-HowToTests/Pods-HowToTests.debug.xcconfig"; sourceTree = "<group>"; };
		C45813A14B89074FB1738D89 /* Pods-HowTo-HowToUITests.debug.xcconfig */ = {isa = PBXFileReference; includeInIndex = 1; lastKnownFileType = text.xcconfig; name = "Pods-HowTo-HowToUITests.debug.xcconfig"; path = "Pods/Target Support Files/Pods-HowTo-HowToUITests/Pods-HowTo-HowToUITests.debug.xcconfig"; sourceTree = "<group>"; };
		C797573D102F5CED87AE68B6 /* Pods-HowToTests.release.xcconfig */ = {isa = PBXFileReference; includeInIndex = 1; lastKnownFileType = text.xcconfig; name = "Pods-HowToTests.release.xcconfig"; path = "Pods/Target Support Files/Pods-HowToTests/Pods-HowToTests.release.xcconfig"; sourceTree = "<group>"; };
		F4538172A9D0337D4838AE42 /* Pods-HowTo.debug.xcconfig */ = {isa = PBXFileReference; includeInIndex = 1; lastKnownFileType = text.xcconfig; name = "Pods-HowTo.debug.xcconfig"; path = "Pods/Target Support Files/Pods-HowTo/Pods-HowTo.debug.xcconfig"; sourceTree = "<group>"; };
/* End PBXFileReference section */

/* Begin PBXFrameworksBuildPhase section */
		1D565AB02478BAA2007DD5EC /* Frameworks */ = {
			isa = PBXFrameworksBuildPhase;
			buildActionMask = 2147483647;
			files = (
				EC45C767E70E23CF66CA5D4C /* Pods_HowTo.framework in Frameworks */,
			);
			runOnlyForDeploymentPostprocessing = 0;
		};
		1D565AC92478BAA3007DD5EC /* Frameworks */ = {
			isa = PBXFrameworksBuildPhase;
			buildActionMask = 2147483647;
			files = (
				02608DC8870081EDE9A6A65F /* Pods_HowToTests.framework in Frameworks */,
			);
			runOnlyForDeploymentPostprocessing = 0;
		};
		1D565AD42478BAA3007DD5EC /* Frameworks */ = {
			isa = PBXFrameworksBuildPhase;
			buildActionMask = 2147483647;
			files = (
				9C135BF949731A78D7380221 /* Pods_HowTo_HowToUITests.framework in Frameworks */,
			);
			runOnlyForDeploymentPostprocessing = 0;
		};
/* End PBXFrameworksBuildPhase section */

/* Begin PBXGroup section */
		1D565AAA2478BAA2007DD5EC = {
			isa = PBXGroup;
			children = (
				1D565AB52478BAA2007DD5EC /* HowTo */,
				1D565ACF2478BAA3007DD5EC /* HowToTests */,
				1D565ADA2478BAA3007DD5EC /* HowToUITests */,
				1D565AB42478BAA2007DD5EC /* Products */,
				E31C2B5E4063F11DEA5AEA56 /* Pods */,
				490FC4AE4E97BBE52D787B49 /* Frameworks */,
			);
			sourceTree = "<group>";
		};
		1D565AB42478BAA2007DD5EC /* Products */ = {
			isa = PBXGroup;
			children = (
				1D565AB32478BAA2007DD5EC /* HowTo.app */,
				1D565ACC2478BAA3007DD5EC /* HowToTests.xctest */,
				1D565AD72478BAA3007DD5EC /* HowToUITests.xctest */,
			);
			name = Products;
			sourceTree = "<group>";
		};
		1D565AB52478BAA2007DD5EC /* HowTo */ = {
			isa = PBXGroup;
			children = (
				1D565AE92478BAF1007DD5EC /* Application */,
				1DC4D6C9247904BA00E7BA74 /* Views */,
				1D565AED2478BB36007DD5EC /* ViewControllers */,
				1D565AEC2478BB2C007DD5EC /* Storyboards */,
				1DC4D6CA247904DA00E7BA74 /* Model */,
				5E399FB4247D70900081C3EA /* Services */,
				1DC4D6CB2479C3C100E7BA74 /* Helpers */,
			);
			path = HowTo;
			sourceTree = "<group>";
		};
		1D565ACF2478BAA3007DD5EC /* HowToTests */ = {
			isa = PBXGroup;
			children = (
				1D7DC636247ED2540001D01B /* MockData */,
				1D565AD02478BAA3007DD5EC /* HowToTests.swift */,
				1D565AD22478BAA3007DD5EC /* Info.plist */,
			);
			path = HowToTests;
			sourceTree = "<group>";
		};
		1D565ADA2478BAA3007DD5EC /* HowToUITests */ = {
			isa = PBXGroup;
			children = (
				1D565ADB2478BAA3007DD5EC /* HowToUITests.swift */,
				1D565ADD2478BAA3007DD5EC /* Info.plist */,
			);
			path = HowToUITests;
			sourceTree = "<group>";
		};
		1D565AE92478BAF1007DD5EC /* Application */ = {
			isa = PBXGroup;
			children = (
				1D565AB62478BAA2007DD5EC /* AppDelegate.swift */,
				1D565AB82478BAA2007DD5EC /* SceneDelegate.swift */,
				1D565AC22478BAA3007DD5EC /* Assets.xcassets */,
				1D565AC72478BAA3007DD5EC /* Info.plist */,
			);
			name = Application;
			sourceTree = "<group>";
		};
		1D565AEC2478BB2C007DD5EC /* Storyboards */ = {
			isa = PBXGroup;
			children = (
				1D565ABC2478BAA2007DD5EC /* Main.storyboard */,
				1D565AF12478C05F007DD5EC /* Onboarding.storyboard */,
				1DD132CB247B68A400F8B83A /* NewPost.storyboard */,
				1D565AC42478BAA3007DD5EC /* LaunchScreen.storyboard */,
			);
			name = Storyboards;
			sourceTree = "<group>";
		};
		1D565AED2478BB36007DD5EC /* ViewControllers */ = {
			isa = PBXGroup;
			children = (
				1D565AF52478C533007DD5EC /* Onboarding */,
				1D90C0B72478E40800CB3A67 /* Home */,
				1DDD263D247C55E600D53CC4 /* NewPost */,
			);
			name = ViewControllers;
			sourceTree = "<group>";
		};
		1D565AEE2478BB48007DD5EC /* CoreData */ = {
			isa = PBXGroup;
			children = (
				1D565ABF2478BAA2007DD5EC /* HowTo.xcdatamodeld */,
				1D565AEF2478BB8E007DD5EC /* CoreDataStack.swift */,
			);
			name = CoreData;
			sourceTree = "<group>";
		};
		1D565AF52478C533007DD5EC /* Onboarding */ = {
			isa = PBXGroup;
			children = (
				1D565AF32478C52D007DD5EC /* OnboardingViewController.swift */,
				1DC4D6D22479EFA500E7BA74 /* LoginSignupViewController.swift */,
			);
			name = Onboarding;
			sourceTree = "<group>";
		};
		1D7DC636247ED2540001D01B /* MockData */ = {
			isa = PBXGroup;
			children = (
				1D7DC637247ED2930001D01B /* MockNetworkDataLoader.swift */,
				1D7DC63D247ED5180001D01B /* GoodData.json */,
				1D7DC63E247ED5180001D01B /* BadData.json */,
			);
			path = MockData;
			sourceTree = "<group>";
		};
		1D90C0B72478E40800CB3A67 /* Home */ = {
			isa = PBXGroup;
			children = (
				1D565ABA2478BAA2007DD5EC /* HomeViewController.swift */,
				1D90C0B82478E44C00CB3A67 /* MenuListController.swift */,
				1DDC460D247AE26F0081133D /* DetailViewController.swift */,
			);
			name = Home;
			sourceTree = "<group>";
		};
		1DC4D6C9247904BA00E7BA74 /* Views */ = {
			isa = PBXGroup;
			children = (
				1D034C2F2478EFCC007589EA /* HomeTableViewCell.swift */,
			);
			name = Views;
			sourceTree = "<group>";
		};
		1DC4D6CA247904DA00E7BA74 /* Model */ = {
			isa = PBXGroup;
			children = (
				1D7DC634247E3E5A0001D01B /* Tutorial.swift */,
				5E399FBA247D74350081C3EA /* Bearer.swift */,
				5E399FBC247D8A8D0081C3EA /* User.swift */,
				1D565AEE2478BB48007DD5EC /* CoreData */,
			);
			name = Model;
			sourceTree = "<group>";
		};
		1DC4D6CB2479C3C100E7BA74 /* Helpers */ = {
			isa = PBXGroup;
			children = (
				1DC4D6CC2479C3F100E7BA74 /* String+Keys.swift */,
				1DC4D6D42479F39D00E7BA74 /* UIImage+RoundedImage.swift */,
				1D7DC632247DBECA0001D01B /* Date+TimeAgoDisplay.swift */,
			);
			name = Helpers;
			sourceTree = "<group>";
		};
		1DDD263D247C55E600D53CC4 /* NewPost */ = {
			isa = PBXGroup;
			children = (
				1D798C24247F355000C14413 /* AddTitleViewController.swift */,
				1D798C26247F35F000C14413 /* AddImageViewController.swift */,
				1DDD2640247C5DE100D53CC4 /* AddDescriptionViewController.swift */,
				1DDD263E247C564400D53CC4 /* AddStepsViewController.swift */,
			);
			name = NewPost;
			sourceTree = "<group>";
		};
		490FC4AE4E97BBE52D787B49 /* Frameworks */ = {
			isa = PBXGroup;
			children = (
				217BBB3EFA2D8C26D9D41E7D /* Pods_HowTo.framework */,
				8F1A2A2B0B937979CFB663A1 /* Pods_HowTo_HowToUITests.framework */,
				1B6D8B6AB06D53CCA5DFC0F3 /* Pods_HowToTests.framework */,
			);
			name = Frameworks;
			sourceTree = "<group>";
		};
		5E399FB4247D70900081C3EA /* Services */ = {
			isa = PBXGroup;
			children = (
				5E399FB5247D70A70081C3EA /* Networking */,
			);
			name = Services;
			sourceTree = "<group>";
		};
		5E399FB5247D70A70081C3EA /* Networking */ = {
			isa = PBXGroup;
			children = (
				5E399FB6247D714A0081C3EA /* LoginSignupController.swift */,
				5E399FB8247D717B0081C3EA /* NetworkController.swift */,
				1D7DC639247ED31E0001D01B /* NetworkDataLoader.swift */,
				1D7DC63B247ED4680001D01B /* URLSession+NetworkDataLoader.swift */,
			);
			name = Networking;
			sourceTree = "<group>";
		};
		E31C2B5E4063F11DEA5AEA56 /* Pods */ = {
			isa = PBXGroup;
			children = (
				F4538172A9D0337D4838AE42 /* Pods-HowTo.debug.xcconfig */,
				9223E716FC53A0AC440D82D2 /* Pods-HowTo.release.xcconfig */,
				C45813A14B89074FB1738D89 /* Pods-HowTo-HowToUITests.debug.xcconfig */,
				0F3A040951B5B1D19F755258 /* Pods-HowTo-HowToUITests.release.xcconfig */,
				AE97AAE46CC4AE7DA3C49D6B /* Pods-HowToTests.debug.xcconfig */,
				C797573D102F5CED87AE68B6 /* Pods-HowToTests.release.xcconfig */,
			);
			name = Pods;
			sourceTree = "<group>";
		};
/* End PBXGroup section */

/* Begin PBXNativeTarget section */
		1D565AB22478BAA2007DD5EC /* HowTo */ = {
			isa = PBXNativeTarget;
			buildConfigurationList = 1D565AE02478BAA3007DD5EC /* Build configuration list for PBXNativeTarget "HowTo" */;
			buildPhases = (
				A3BE762B1D89566A82D0EFF7 /* [CP] Check Pods Manifest.lock */,
				1D565AAF2478BAA2007DD5EC /* Sources */,
				1D565AB02478BAA2007DD5EC /* Frameworks */,
				1D565AB12478BAA2007DD5EC /* Resources */,
				BC18014764CB7853ED5EF92C /* [CP] Embed Pods Frameworks */,
			);
			buildRules = (
			);
			dependencies = (
			);
			name = HowTo;
			productName = HowTo;
			productReference = 1D565AB32478BAA2007DD5EC /* HowTo.app */;
			productType = "com.apple.product-type.application";
		};
		1D565ACB2478BAA3007DD5EC /* HowToTests */ = {
			isa = PBXNativeTarget;
			buildConfigurationList = 1D565AE32478BAA3007DD5EC /* Build configuration list for PBXNativeTarget "HowToTests" */;
			buildPhases = (
				D2EF6D51D49EB0D083D51ECB /* [CP] Check Pods Manifest.lock */,
				1D565AC82478BAA3007DD5EC /* Sources */,
				1D565AC92478BAA3007DD5EC /* Frameworks */,
				1D565ACA2478BAA3007DD5EC /* Resources */,
			);
			buildRules = (
			);
			dependencies = (
				1D565ACE2478BAA3007DD5EC /* PBXTargetDependency */,
			);
			name = HowToTests;
			productName = HowToTests;
			productReference = 1D565ACC2478BAA3007DD5EC /* HowToTests.xctest */;
			productType = "com.apple.product-type.bundle.unit-test";
		};
		1D565AD62478BAA3007DD5EC /* HowToUITests */ = {
			isa = PBXNativeTarget;
			buildConfigurationList = 1D565AE62478BAA3007DD5EC /* Build configuration list for PBXNativeTarget "HowToUITests" */;
			buildPhases = (
				CCE3E492954ECC43C2088EA9 /* [CP] Check Pods Manifest.lock */,
				1D565AD32478BAA3007DD5EC /* Sources */,
				1D565AD42478BAA3007DD5EC /* Frameworks */,
				1D565AD52478BAA3007DD5EC /* Resources */,
				96CEAFC6815FEC8657FDE2B1 /* [CP] Embed Pods Frameworks */,
			);
			buildRules = (
			);
			dependencies = (
				1D565AD92478BAA3007DD5EC /* PBXTargetDependency */,
			);
			name = HowToUITests;
			productName = HowToUITests;
			productReference = 1D565AD72478BAA3007DD5EC /* HowToUITests.xctest */;
			productType = "com.apple.product-type.bundle.ui-testing";
		};
/* End PBXNativeTarget section */

/* Begin PBXProject section */
		1D565AAB2478BAA2007DD5EC /* Project object */ = {
			isa = PBXProject;
			attributes = {
				LastSwiftUpdateCheck = 1140;
				LastUpgradeCheck = 1140;
				ORGANIZATIONNAME = "Shawn James";
				TargetAttributes = {
					1D565AB22478BAA2007DD5EC = {
						CreatedOnToolsVersion = 11.4.1;
					};
					1D565ACB2478BAA3007DD5EC = {
						CreatedOnToolsVersion = 11.4.1;
						TestTargetID = 1D565AB22478BAA2007DD5EC;
					};
					1D565AD62478BAA3007DD5EC = {
						CreatedOnToolsVersion = 11.4.1;
						TestTargetID = 1D565AB22478BAA2007DD5EC;
					};
				};
			};
			buildConfigurationList = 1D565AAE2478BAA2007DD5EC /* Build configuration list for PBXProject "HowTo" */;
			compatibilityVersion = "Xcode 9.3";
			developmentRegion = en;
			hasScannedForEncodings = 0;
			knownRegions = (
				en,
				Base,
			);
			mainGroup = 1D565AAA2478BAA2007DD5EC;
			productRefGroup = 1D565AB42478BAA2007DD5EC /* Products */;
			projectDirPath = "";
			projectRoot = "";
			targets = (
				1D565AB22478BAA2007DD5EC /* HowTo */,
				1D565ACB2478BAA3007DD5EC /* HowToTests */,
				1D565AD62478BAA3007DD5EC /* HowToUITests */,
			);
		};
/* End PBXProject section */

/* Begin PBXResourcesBuildPhase section */
		1D565AB12478BAA2007DD5EC /* Resources */ = {
			isa = PBXResourcesBuildPhase;
			buildActionMask = 2147483647;
			files = (
				1DD132CC247B68A400F8B83A /* NewPost.storyboard in Resources */,
				1D565AC62478BAA3007DD5EC /* LaunchScreen.storyboard in Resources */,
				1D565AC32478BAA3007DD5EC /* Assets.xcassets in Resources */,
				1D565ABE2478BAA2007DD5EC /* Main.storyboard in Resources */,
				1D565AF22478C05F007DD5EC /* Onboarding.storyboard in Resources */,
			);
			runOnlyForDeploymentPostprocessing = 0;
		};
		1D565ACA2478BAA3007DD5EC /* Resources */ = {
			isa = PBXResourcesBuildPhase;
			buildActionMask = 2147483647;
			files = (
				1D7DC63F247ED5180001D01B /* GoodData.json in Resources */,
				1D7DC640247ED5180001D01B /* BadData.json in Resources */,
			);
			runOnlyForDeploymentPostprocessing = 0;
		};
		1D565AD52478BAA3007DD5EC /* Resources */ = {
			isa = PBXResourcesBuildPhase;
			buildActionMask = 2147483647;
			files = (
			);
			runOnlyForDeploymentPostprocessing = 0;
		};
/* End PBXResourcesBuildPhase section */

/* Begin PBXShellScriptBuildPhase section */
		96CEAFC6815FEC8657FDE2B1 /* [CP] Embed Pods Frameworks */ = {
			isa = PBXShellScriptBuildPhase;
			buildActionMask = 2147483647;
			files = (
			);
			inputPaths = (
				"${SRCROOT}/Pods/Target Support Files/Pods-HowTo-HowToUITests/Pods-HowTo-HowToUITests-frameworks.sh",
				"${BUILT_PRODUCTS_DIR}/SideMenu/SideMenu.framework",
			);
			name = "[CP] Embed Pods Frameworks";
			outputPaths = (
				"${TARGET_BUILD_DIR}/${FRAMEWORKS_FOLDER_PATH}/SideMenu.framework",
			);
			runOnlyForDeploymentPostprocessing = 0;
			shellPath = /bin/sh;
			shellScript = "\"${SRCROOT}/Pods/Target Support Files/Pods-HowTo-HowToUITests/Pods-HowTo-HowToUITests-frameworks.sh\"\n";
			showEnvVarsInLog = 0;
		};
		A3BE762B1D89566A82D0EFF7 /* [CP] Check Pods Manifest.lock */ = {
			isa = PBXShellScriptBuildPhase;
			buildActionMask = 2147483647;
			files = (
			);
			inputPaths = (
				"${PODS_PODFILE_DIR_PATH}/Podfile.lock",
				"${PODS_ROOT}/Manifest.lock",
			);
			name = "[CP] Check Pods Manifest.lock";
			outputPaths = (
				"$(DERIVED_FILE_DIR)/Pods-HowTo-checkManifestLockResult.txt",
			);
			runOnlyForDeploymentPostprocessing = 0;
			shellPath = /bin/sh;
			shellScript = "diff \"${PODS_PODFILE_DIR_PATH}/Podfile.lock\" \"${PODS_ROOT}/Manifest.lock\" > /dev/null\nif [ $? != 0 ] ; then\n    # print error to STDERR\n    echo \"error: The sandbox is not in sync with the Podfile.lock. Run 'pod install' or update your CocoaPods installation.\" >&2\n    exit 1\nfi\n# This output is used by Xcode 'outputs' to avoid re-running this script phase.\necho \"SUCCESS\" > \"${SCRIPT_OUTPUT_FILE_0}\"\n";
			showEnvVarsInLog = 0;
		};
		BC18014764CB7853ED5EF92C /* [CP] Embed Pods Frameworks */ = {
			isa = PBXShellScriptBuildPhase;
			buildActionMask = 2147483647;
			files = (
			);
			inputPaths = (
				"${SRCROOT}/Pods/Target Support Files/Pods-HowTo/Pods-HowTo-frameworks.sh",
				"${BUILT_PRODUCTS_DIR}/SideMenu/SideMenu.framework",
			);
			name = "[CP] Embed Pods Frameworks";
			outputPaths = (
				"${TARGET_BUILD_DIR}/${FRAMEWORKS_FOLDER_PATH}/SideMenu.framework",
			);
			runOnlyForDeploymentPostprocessing = 0;
			shellPath = /bin/sh;
			shellScript = "\"${SRCROOT}/Pods/Target Support Files/Pods-HowTo/Pods-HowTo-frameworks.sh\"\n";
			showEnvVarsInLog = 0;
		};
		CCE3E492954ECC43C2088EA9 /* [CP] Check Pods Manifest.lock */ = {
			isa = PBXShellScriptBuildPhase;
			buildActionMask = 2147483647;
			files = (
			);
			inputPaths = (
				"${PODS_PODFILE_DIR_PATH}/Podfile.lock",
				"${PODS_ROOT}/Manifest.lock",
			);
			name = "[CP] Check Pods Manifest.lock";
			outputPaths = (
				"$(DERIVED_FILE_DIR)/Pods-HowTo-HowToUITests-checkManifestLockResult.txt",
			);
			runOnlyForDeploymentPostprocessing = 0;
			shellPath = /bin/sh;
			shellScript = "diff \"${PODS_PODFILE_DIR_PATH}/Podfile.lock\" \"${PODS_ROOT}/Manifest.lock\" > /dev/null\nif [ $? != 0 ] ; then\n    # print error to STDERR\n    echo \"error: The sandbox is not in sync with the Podfile.lock. Run 'pod install' or update your CocoaPods installation.\" >&2\n    exit 1\nfi\n# This output is used by Xcode 'outputs' to avoid re-running this script phase.\necho \"SUCCESS\" > \"${SCRIPT_OUTPUT_FILE_0}\"\n";
			showEnvVarsInLog = 0;
		};
		D2EF6D51D49EB0D083D51ECB /* [CP] Check Pods Manifest.lock */ = {
			isa = PBXShellScriptBuildPhase;
			buildActionMask = 2147483647;
			files = (
			);
			inputPaths = (
				"${PODS_PODFILE_DIR_PATH}/Podfile.lock",
				"${PODS_ROOT}/Manifest.lock",
			);
			name = "[CP] Check Pods Manifest.lock";
			outputPaths = (
				"$(DERIVED_FILE_DIR)/Pods-HowToTests-checkManifestLockResult.txt",
			);
			runOnlyForDeploymentPostprocessing = 0;
			shellPath = /bin/sh;
			shellScript = "diff \"${PODS_PODFILE_DIR_PATH}/Podfile.lock\" \"${PODS_ROOT}/Manifest.lock\" > /dev/null\nif [ $? != 0 ] ; then\n    # print error to STDERR\n    echo \"error: The sandbox is not in sync with the Podfile.lock. Run 'pod install' or update your CocoaPods installation.\" >&2\n    exit 1\nfi\n# This output is used by Xcode 'outputs' to avoid re-running this script phase.\necho \"SUCCESS\" > \"${SCRIPT_OUTPUT_FILE_0}\"\n";
			showEnvVarsInLog = 0;
		};
/* End PBXShellScriptBuildPhase section */

/* Begin PBXSourcesBuildPhase section */
		1D565AAF2478BAA2007DD5EC /* Sources */ = {
			isa = PBXSourcesBuildPhase;
			buildActionMask = 2147483647;
			files = (
				5E399FB9247D717B0081C3EA /* NetworkController.swift in Sources */,
				1D565AF02478BB8E007DD5EC /* CoreDataStack.swift in Sources */,
				1D798C27247F35F000C14413 /* AddImageViewController.swift in Sources */,
				1D565ABB2478BAA2007DD5EC /* HomeViewController.swift in Sources */,
				1D565AB72478BAA2007DD5EC /* AppDelegate.swift in Sources */,
				1DDD263F247C564400D53CC4 /* AddStepsViewController.swift in Sources */,
				1D7DC63A247ED31E0001D01B /* NetworkDataLoader.swift in Sources */,
				1DDC460E247AE26F0081133D /* DetailViewController.swift in Sources */,
				1D90C0B92478E44C00CB3A67 /* MenuListController.swift in Sources */,
				1D565AB92478BAA2007DD5EC /* SceneDelegate.swift in Sources */,
				1DDD2641247C5DE100D53CC4 /* AddDescriptionViewController.swift in Sources */,
				1D7DC635247E3E5A0001D01B /* Tutorial.swift in Sources */,
				1D7DC633247DBECB0001D01B /* Date+TimeAgoDisplay.swift in Sources */,
				1D798C25247F355000C14413 /* AddTitleViewController.swift in Sources */,
				1D7DC63C247ED4680001D01B /* URLSession+NetworkDataLoader.swift in Sources */,
				1DC4D6D52479F39D00E7BA74 /* UIImage+RoundedImage.swift in Sources */,
				5E399FBB247D74350081C3EA /* Bearer.swift in Sources */,
				1D565AC12478BAA2007DD5EC /* HowTo.xcdatamodeld in Sources */,
				1D034C302478EFCC007589EA /* HomeTableViewCell.swift in Sources */,
				1DC4D6CD2479C3F100E7BA74 /* String+Keys.swift in Sources */,
				5E399FBD247D8A8D0081C3EA /* User.swift in Sources */,
				5E399FB7247D714A0081C3EA /* LoginSignupController.swift in Sources */,
				1DC4D6D32479EFA500E7BA74 /* LoginSignupViewController.swift in Sources */,
				1D565AF42478C52D007DD5EC /* OnboardingViewController.swift in Sources */,
			);
			runOnlyForDeploymentPostprocessing = 0;
		};
		1D565AC82478BAA3007DD5EC /* Sources */ = {
			isa = PBXSourcesBuildPhase;
			buildActionMask = 2147483647;
			files = (
				1D565AD12478BAA3007DD5EC /* HowToTests.swift in Sources */,
				1D7DC638247ED2930001D01B /* MockNetworkDataLoader.swift in Sources */,
			);
			runOnlyForDeploymentPostprocessing = 0;
		};
		1D565AD32478BAA3007DD5EC /* Sources */ = {
			isa = PBXSourcesBuildPhase;
			buildActionMask = 2147483647;
			files = (
				1D565ADC2478BAA3007DD5EC /* HowToUITests.swift in Sources */,
			);
			runOnlyForDeploymentPostprocessing = 0;
		};
/* End PBXSourcesBuildPhase section */

/* Begin PBXTargetDependency section */
		1D565ACE2478BAA3007DD5EC /* PBXTargetDependency */ = {
			isa = PBXTargetDependency;
			target = 1D565AB22478BAA2007DD5EC /* HowTo */;
			targetProxy = 1D565ACD2478BAA3007DD5EC /* PBXContainerItemProxy */;
		};
		1D565AD92478BAA3007DD5EC /* PBXTargetDependency */ = {
			isa = PBXTargetDependency;
			target = 1D565AB22478BAA2007DD5EC /* HowTo */;
			targetProxy = 1D565AD82478BAA3007DD5EC /* PBXContainerItemProxy */;
		};
/* End PBXTargetDependency section */

/* Begin PBXVariantGroup section */
		1D565ABC2478BAA2007DD5EC /* Main.storyboard */ = {
			isa = PBXVariantGroup;
			children = (
				1D565ABD2478BAA2007DD5EC /* Base */,
			);
			name = Main.storyboard;
			sourceTree = "<group>";
		};
		1D565AC42478BAA3007DD5EC /* LaunchScreen.storyboard */ = {
			isa = PBXVariantGroup;
			children = (
				1D565AC52478BAA3007DD5EC /* Base */,
			);
			name = LaunchScreen.storyboard;
			sourceTree = "<group>";
		};
/* End PBXVariantGroup section */

/* Begin XCBuildConfiguration section */
		1D565ADE2478BAA3007DD5EC /* Debug */ = {
			isa = XCBuildConfiguration;
			buildSettings = {
				ALWAYS_SEARCH_USER_PATHS = NO;
				CLANG_ANALYZER_NONNULL = YES;
				CLANG_ANALYZER_NUMBER_OBJECT_CONVERSION = YES_AGGRESSIVE;
				CLANG_CXX_LANGUAGE_STANDARD = "gnu++14";
				CLANG_CXX_LIBRARY = "libc++";
				CLANG_ENABLE_MODULES = YES;
				CLANG_ENABLE_OBJC_ARC = YES;
				CLANG_ENABLE_OBJC_WEAK = YES;
				CLANG_WARN_BLOCK_CAPTURE_AUTORELEASING = YES;
				CLANG_WARN_BOOL_CONVERSION = YES;
				CLANG_WARN_COMMA = YES;
				CLANG_WARN_CONSTANT_CONVERSION = YES;
				CLANG_WARN_DEPRECATED_OBJC_IMPLEMENTATIONS = YES;
				CLANG_WARN_DIRECT_OBJC_ISA_USAGE = YES_ERROR;
				CLANG_WARN_DOCUMENTATION_COMMENTS = YES;
				CLANG_WARN_EMPTY_BODY = YES;
				CLANG_WARN_ENUM_CONVERSION = YES;
				CLANG_WARN_INFINITE_RECURSION = YES;
				CLANG_WARN_INT_CONVERSION = YES;
				CLANG_WARN_NON_LITERAL_NULL_CONVERSION = YES;
				CLANG_WARN_OBJC_IMPLICIT_RETAIN_SELF = YES;
				CLANG_WARN_OBJC_LITERAL_CONVERSION = YES;
				CLANG_WARN_OBJC_ROOT_CLASS = YES_ERROR;
				CLANG_WARN_RANGE_LOOP_ANALYSIS = YES;
				CLANG_WARN_STRICT_PROTOTYPES = YES;
				CLANG_WARN_SUSPICIOUS_MOVE = YES;
				CLANG_WARN_UNGUARDED_AVAILABILITY = YES_AGGRESSIVE;
				CLANG_WARN_UNREACHABLE_CODE = YES;
				CLANG_WARN__DUPLICATE_METHOD_MATCH = YES;
				COPY_PHASE_STRIP = NO;
				DEBUG_INFORMATION_FORMAT = dwarf;
				ENABLE_STRICT_OBJC_MSGSEND = YES;
				ENABLE_TESTABILITY = YES;
				GCC_C_LANGUAGE_STANDARD = gnu11;
				GCC_DYNAMIC_NO_PIC = NO;
				GCC_NO_COMMON_BLOCKS = YES;
				GCC_OPTIMIZATION_LEVEL = 0;
				GCC_PREPROCESSOR_DEFINITIONS = (
					"DEBUG=1",
					"$(inherited)",
				);
				GCC_WARN_64_TO_32_BIT_CONVERSION = YES;
				GCC_WARN_ABOUT_RETURN_TYPE = YES_ERROR;
				GCC_WARN_UNDECLARED_SELECTOR = YES;
				GCC_WARN_UNINITIALIZED_AUTOS = YES_AGGRESSIVE;
				GCC_WARN_UNUSED_FUNCTION = YES;
				GCC_WARN_UNUSED_VARIABLE = YES;
				IPHONEOS_DEPLOYMENT_TARGET = 13.4;
				MTL_ENABLE_DEBUG_INFO = INCLUDE_SOURCE;
				MTL_FAST_MATH = YES;
				ONLY_ACTIVE_ARCH = YES;
				SDKROOT = iphoneos;
				SWIFT_ACTIVE_COMPILATION_CONDITIONS = DEBUG;
				SWIFT_OPTIMIZATION_LEVEL = "-Onone";
			};
			name = Debug;
		};
		1D565ADF2478BAA3007DD5EC /* Release */ = {
			isa = XCBuildConfiguration;
			buildSettings = {
				ALWAYS_SEARCH_USER_PATHS = NO;
				CLANG_ANALYZER_NONNULL = YES;
				CLANG_ANALYZER_NUMBER_OBJECT_CONVERSION = YES_AGGRESSIVE;
				CLANG_CXX_LANGUAGE_STANDARD = "gnu++14";
				CLANG_CXX_LIBRARY = "libc++";
				CLANG_ENABLE_MODULES = YES;
				CLANG_ENABLE_OBJC_ARC = YES;
				CLANG_ENABLE_OBJC_WEAK = YES;
				CLANG_WARN_BLOCK_CAPTURE_AUTORELEASING = YES;
				CLANG_WARN_BOOL_CONVERSION = YES;
				CLANG_WARN_COMMA = YES;
				CLANG_WARN_CONSTANT_CONVERSION = YES;
				CLANG_WARN_DEPRECATED_OBJC_IMPLEMENTATIONS = YES;
				CLANG_WARN_DIRECT_OBJC_ISA_USAGE = YES_ERROR;
				CLANG_WARN_DOCUMENTATION_COMMENTS = YES;
				CLANG_WARN_EMPTY_BODY = YES;
				CLANG_WARN_ENUM_CONVERSION = YES;
				CLANG_WARN_INFINITE_RECURSION = YES;
				CLANG_WARN_INT_CONVERSION = YES;
				CLANG_WARN_NON_LITERAL_NULL_CONVERSION = YES;
				CLANG_WARN_OBJC_IMPLICIT_RETAIN_SELF = YES;
				CLANG_WARN_OBJC_LITERAL_CONVERSION = YES;
				CLANG_WARN_OBJC_ROOT_CLASS = YES_ERROR;
				CLANG_WARN_RANGE_LOOP_ANALYSIS = YES;
				CLANG_WARN_STRICT_PROTOTYPES = YES;
				CLANG_WARN_SUSPICIOUS_MOVE = YES;
				CLANG_WARN_UNGUARDED_AVAILABILITY = YES_AGGRESSIVE;
				CLANG_WARN_UNREACHABLE_CODE = YES;
				CLANG_WARN__DUPLICATE_METHOD_MATCH = YES;
				COPY_PHASE_STRIP = NO;
				DEBUG_INFORMATION_FORMAT = "dwarf-with-dsym";
				ENABLE_NS_ASSERTIONS = NO;
				ENABLE_STRICT_OBJC_MSGSEND = YES;
				GCC_C_LANGUAGE_STANDARD = gnu11;
				GCC_NO_COMMON_BLOCKS = YES;
				GCC_WARN_64_TO_32_BIT_CONVERSION = YES;
				GCC_WARN_ABOUT_RETURN_TYPE = YES_ERROR;
				GCC_WARN_UNDECLARED_SELECTOR = YES;
				GCC_WARN_UNINITIALIZED_AUTOS = YES_AGGRESSIVE;
				GCC_WARN_UNUSED_FUNCTION = YES;
				GCC_WARN_UNUSED_VARIABLE = YES;
				IPHONEOS_DEPLOYMENT_TARGET = 13.4;
				MTL_ENABLE_DEBUG_INFO = NO;
				MTL_FAST_MATH = YES;
				SDKROOT = iphoneos;
				SWIFT_COMPILATION_MODE = wholemodule;
				SWIFT_OPTIMIZATION_LEVEL = "-O";
				VALIDATE_PRODUCT = YES;
			};
			name = Release;
		};
		1D565AE12478BAA3007DD5EC /* Debug */ = {
			isa = XCBuildConfiguration;
			baseConfigurationReference = F4538172A9D0337D4838AE42 /* Pods-HowTo.debug.xcconfig */;
			buildSettings = {
				ALWAYS_EMBED_SWIFT_STANDARD_LIBRARIES = "$(inherited)";
				ASSETCATALOG_COMPILER_APPICON_NAME = AppIcon;
				CODE_SIGN_STYLE = Automatic;
				DEVELOPMENT_TEAM = SKL49NTL5D;
				INFOPLIST_FILE = HowTo/Info.plist;
				LD_RUNPATH_SEARCH_PATHS = (
					"$(inherited)",
					"@executable_path/Frameworks",
				);
				PRODUCT_BUNDLE_IDENTIFIER = com.shawnjames.HowTo;
				PRODUCT_NAME = "$(TARGET_NAME)";
				SWIFT_VERSION = 5.0;
				TARGETED_DEVICE_FAMILY = 1;
			};
			name = Debug;
		};
		1D565AE22478BAA3007DD5EC /* Release */ = {
			isa = XCBuildConfiguration;
			baseConfigurationReference = 9223E716FC53A0AC440D82D2 /* Pods-HowTo.release.xcconfig */;
			buildSettings = {
				ALWAYS_EMBED_SWIFT_STANDARD_LIBRARIES = "$(inherited)";
				ASSETCATALOG_COMPILER_APPICON_NAME = AppIcon;
				CODE_SIGN_STYLE = Automatic;
				DEVELOPMENT_TEAM = SKL49NTL5D;
				INFOPLIST_FILE = HowTo/Info.plist;
				LD_RUNPATH_SEARCH_PATHS = (
					"$(inherited)",
					"@executable_path/Frameworks",
				);
				PRODUCT_BUNDLE_IDENTIFIER = com.shawnjames.HowTo;
				PRODUCT_NAME = "$(TARGET_NAME)";
				SWIFT_VERSION = 5.0;
				TARGETED_DEVICE_FAMILY = 1;
			};
			name = Release;
		};
		1D565AE42478BAA3007DD5EC /* Debug */ = {
			isa = XCBuildConfiguration;
			baseConfigurationReference = AE97AAE46CC4AE7DA3C49D6B /* Pods-HowToTests.debug.xcconfig */;
			buildSettings = {
				ALWAYS_EMBED_SWIFT_STANDARD_LIBRARIES = YES;
				BUNDLE_LOADER = "$(TEST_HOST)";
				CODE_SIGN_STYLE = Automatic;
				DEVELOPMENT_TEAM = SKL49NTL5D;
				INFOPLIST_FILE = HowToTests/Info.plist;
				IPHONEOS_DEPLOYMENT_TARGET = 13.4;
				LD_RUNPATH_SEARCH_PATHS = (
					"$(inherited)",
					"@executable_path/Frameworks",
					"@loader_path/Frameworks",
				);
				PRODUCT_BUNDLE_IDENTIFIER = com.shawnjames.HowToTests;
				PRODUCT_NAME = "$(TARGET_NAME)";
				SWIFT_VERSION = 5.0;
				TARGETED_DEVICE_FAMILY = "1,2";
				TEST_HOST = "$(BUILT_PRODUCTS_DIR)/HowTo.app/HowTo";
			};
			name = Debug;
		};
		1D565AE52478BAA3007DD5EC /* Release */ = {
			isa = XCBuildConfiguration;
			baseConfigurationReference = C797573D102F5CED87AE68B6 /* Pods-HowToTests.release.xcconfig */;
			buildSettings = {
				ALWAYS_EMBED_SWIFT_STANDARD_LIBRARIES = YES;
				BUNDLE_LOADER = "$(TEST_HOST)";
				CODE_SIGN_STYLE = Automatic;
				DEVELOPMENT_TEAM = SKL49NTL5D;
				INFOPLIST_FILE = HowToTests/Info.plist;
				IPHONEOS_DEPLOYMENT_TARGET = 13.4;
				LD_RUNPATH_SEARCH_PATHS = (
					"$(inherited)",
					"@executable_path/Frameworks",
					"@loader_path/Frameworks",
				);
				PRODUCT_BUNDLE_IDENTIFIER = com.shawnjames.HowToTests;
				PRODUCT_NAME = "$(TARGET_NAME)";
				SWIFT_VERSION = 5.0;
				TARGETED_DEVICE_FAMILY = "1,2";
				TEST_HOST = "$(BUILT_PRODUCTS_DIR)/HowTo.app/HowTo";
			};
			name = Release;
		};
		1D565AE72478BAA3007DD5EC /* Debug */ = {
			isa = XCBuildConfiguration;
			baseConfigurationReference = C45813A14B89074FB1738D89 /* Pods-HowTo-HowToUITests.debug.xcconfig */;
			buildSettings = {
				ALWAYS_EMBED_SWIFT_STANDARD_LIBRARIES = YES;
				CODE_SIGN_STYLE = Automatic;
				DEVELOPMENT_TEAM = SKL49NTL5D;
				INFOPLIST_FILE = HowToUITests/Info.plist;
				LD_RUNPATH_SEARCH_PATHS = (
					"$(inherited)",
					"@executable_path/Frameworks",
					"@loader_path/Frameworks",
				);
				PRODUCT_BUNDLE_IDENTIFIER = com.shawnjames.HowToUITests;
				PRODUCT_NAME = "$(TARGET_NAME)";
				SWIFT_VERSION = 5.0;
				TARGETED_DEVICE_FAMILY = "1,2";
				TEST_TARGET_NAME = HowTo;
			};
			name = Debug;
		};
		1D565AE82478BAA3007DD5EC /* Release */ = {
			isa = XCBuildConfiguration;
			baseConfigurationReference = 0F3A040951B5B1D19F755258 /* Pods-HowTo-HowToUITests.release.xcconfig */;
			buildSettings = {
				ALWAYS_EMBED_SWIFT_STANDARD_LIBRARIES = YES;
				CODE_SIGN_STYLE = Automatic;
				DEVELOPMENT_TEAM = SKL49NTL5D;
				INFOPLIST_FILE = HowToUITests/Info.plist;
				LD_RUNPATH_SEARCH_PATHS = (
					"$(inherited)",
					"@executable_path/Frameworks",
					"@loader_path/Frameworks",
				);
				PRODUCT_BUNDLE_IDENTIFIER = com.shawnjames.HowToUITests;
				PRODUCT_NAME = "$(TARGET_NAME)";
				SWIFT_VERSION = 5.0;
				TARGETED_DEVICE_FAMILY = "1,2";
				TEST_TARGET_NAME = HowTo;
			};
			name = Release;
		};
/* End XCBuildConfiguration section */

/* Begin XCConfigurationList section */
		1D565AAE2478BAA2007DD5EC /* Build configuration list for PBXProject "HowTo" */ = {
			isa = XCConfigurationList;
			buildConfigurations = (
				1D565ADE2478BAA3007DD5EC /* Debug */,
				1D565ADF2478BAA3007DD5EC /* Release */,
			);
			defaultConfigurationIsVisible = 0;
			defaultConfigurationName = Release;
		};
		1D565AE02478BAA3007DD5EC /* Build configuration list for PBXNativeTarget "HowTo" */ = {
			isa = XCConfigurationList;
			buildConfigurations = (
				1D565AE12478BAA3007DD5EC /* Debug */,
				1D565AE22478BAA3007DD5EC /* Release */,
			);
			defaultConfigurationIsVisible = 0;
			defaultConfigurationName = Release;
		};
		1D565AE32478BAA3007DD5EC /* Build configuration list for PBXNativeTarget "HowToTests" */ = {
			isa = XCConfigurationList;
			buildConfigurations = (
				1D565AE42478BAA3007DD5EC /* Debug */,
				1D565AE52478BAA3007DD5EC /* Release */,
			);
			defaultConfigurationIsVisible = 0;
			defaultConfigurationName = Release;
		};
		1D565AE62478BAA3007DD5EC /* Build configuration list for PBXNativeTarget "HowToUITests" */ = {
			isa = XCConfigurationList;
			buildConfigurations = (
				1D565AE72478BAA3007DD5EC /* Debug */,
				1D565AE82478BAA3007DD5EC /* Release */,
			);
			defaultConfigurationIsVisible = 0;
			defaultConfigurationName = Release;
		};
/* End XCConfigurationList section */

/* Begin XCVersionGroup section */
		1D565ABF2478BAA2007DD5EC /* HowTo.xcdatamodeld */ = {
			isa = XCVersionGroup;
			children = (
				1D565AC02478BAA2007DD5EC /* HowTo.xcdatamodel */,
			);
			currentVersion = 1D565AC02478BAA2007DD5EC /* HowTo.xcdatamodel */;
			path = HowTo.xcdatamodeld;
			sourceTree = "<group>";
			versionGroupType = wrapper.xcdatamodel;
		};
/* End XCVersionGroup section */
	};
	rootObject = 1D565AAB2478BAA2007DD5EC /* Project object */;
}
