// !$*UTF8*$!
{
	archiveVersion = 1;
	classes = {
	};
	objectVersion = 50;
	objects = {

/* Begin PBXBuildFile section */
		1DDF92CB2478B45B00219DA9 /* AppDelegate.swift in Sources */ = {isa = PBXBuildFile; fileRef = 1DDF92CA2478B45B00219DA9 /* AppDelegate.swift */; };
		1DDF92CD2478B45B00219DA9 /* SceneDelegate.swift in Sources */ = {isa = PBXBuildFile; fileRef = 1DDF92CC2478B45B00219DA9 /* SceneDelegate.swift */; };
		1DDF92CF2478B45B00219DA9 /* ViewController.swift in Sources */ = {isa = PBXBuildFile; fileRef = 1DDF92CE2478B45B00219DA9 /* ViewController.swift */; };
		1DDF92D22478B45B00219DA9 /* Main.storyboard in Resources */ = {isa = PBXBuildFile; fileRef = 1DDF92D02478B45B00219DA9 /* Main.storyboard */; };
		1DDF92D52478B45B00219DA9 /* IOS___How_To.xcdatamodeld in Sources */ = {isa = PBXBuildFile; fileRef = 1DDF92D32478B45B00219DA9 /* IOS___How_To.xcdatamodeld */; };
		1DDF92D72478B45D00219DA9 /* Assets.xcassets in Resources */ = {isa = PBXBuildFile; fileRef = 1DDF92D62478B45D00219DA9 /* Assets.xcassets */; };
		1DDF92DA2478B45D00219DA9 /* LaunchScreen.storyboard in Resources */ = {isa = PBXBuildFile; fileRef = 1DDF92D82478B45D00219DA9 /* LaunchScreen.storyboard */; };
/* End PBXBuildFile section */

/* Begin PBXFileReference section */
		1DDF92C72478B45B00219DA9 /* IOS - How-To.app */ = {isa = PBXFileReference; explicitFileType = wrapper.application; includeInIndex = 0; path = "IOS - How-To.app"; sourceTree = BUILT_PRODUCTS_DIR; };
		1DDF92CA2478B45B00219DA9 /* AppDelegate.swift */ = {isa = PBXFileReference; lastKnownFileType = sourcecode.swift; path = AppDelegate.swift; sourceTree = "<group>"; };
		1DDF92CC2478B45B00219DA9 /* SceneDelegate.swift */ = {isa = PBXFileReference; lastKnownFileType = sourcecode.swift; path = SceneDelegate.swift; sourceTree = "<group>"; };
		1DDF92CE2478B45B00219DA9 /* ViewController.swift */ = {isa = PBXFileReference; lastKnownFileType = sourcecode.swift; path = ViewController.swift; sourceTree = "<group>"; };
		1DDF92D12478B45B00219DA9 /* Base */ = {isa = PBXFileReference; lastKnownFileType = file.storyboard; name = Base; path = Base.lproj/Main.storyboard; sourceTree = "<group>"; };
		1DDF92D42478B45B00219DA9 /* IOS___How_To.xcdatamodel */ = {isa = PBXFileReference; lastKnownFileType = wrapper.xcdatamodel; path = "IOS___How_To.xcdatamodel"; sourceTree = "<group>"; };
		1DDF92D62478B45D00219DA9 /* Assets.xcassets */ = {isa = PBXFileReference; lastKnownFileType = folder.assetcatalog; path = Assets.xcassets; sourceTree = "<group>"; };
		1DDF92D92478B45D00219DA9 /* Base */ = {isa = PBXFileReference; lastKnownFileType = file.storyboard; name = Base; path = Base.lproj/LaunchScreen.storyboard; sourceTree = "<group>"; };
		1DDF92DB2478B45D00219DA9 /* Info.plist */ = {isa = PBXFileReference; lastKnownFileType = text.plist.xml; path = Info.plist; sourceTree = "<group>"; };
/* End PBXFileReference section */

/* Begin PBXFrameworksBuildPhase section */
		1DDF92C42478B45B00219DA9 /* Frameworks */ = {
			isa = PBXFrameworksBuildPhase;
			buildActionMask = 2147483647;
			files = (
			);
			runOnlyForDeploymentPostprocessing = 0;
		};
/* End PBXFrameworksBuildPhase section */

/* Begin PBXGroup section */
		1DDF92BE2478B45B00219DA9 = {
			isa = PBXGroup;
			children = (
				1DDF92C92478B45B00219DA9 /* IOS - How-To */,
				1DDF92C82478B45B00219DA9 /* Products */,
			);
			sourceTree = "<group>";
		};
		1DDF92C82478B45B00219DA9 /* Products */ = {
			isa = PBXGroup;
			children = (
				1DDF92C72478B45B00219DA9 /* IOS - How-To.app */,
			);
			name = Products;
			sourceTree = "<group>";
		};
		1DDF92C92478B45B00219DA9 /* IOS - How-To */ = {
			isa = PBXGroup;
			children = (
				1DDF92CA2478B45B00219DA9 /* AppDelegate.swift */,
				1DDF92CC2478B45B00219DA9 /* SceneDelegate.swift */,
				1DDF92CE2478B45B00219DA9 /* ViewController.swift */,
				1DDF92D02478B45B00219DA9 /* Main.storyboard */,
				1DDF92D62478B45D00219DA9 /* Assets.xcassets */,
				1DDF92D82478B45D00219DA9 /* LaunchScreen.storyboard */,
				1DDF92DB2478B45D00219DA9 /* Info.plist */,
				1DDF92D32478B45B00219DA9 /* IOS___How_To.xcdatamodeld */,
			);
			path = "IOS - How-To";
			sourceTree = "<group>";
		};
/* End PBXGroup section */

/* Begin PBXNativeTarget section */
		1DDF92C62478B45B00219DA9 /* IOS - How-To */ = {
			isa = PBXNativeTarget;
			buildConfigurationList = 1DDF92DE2478B45D00219DA9 /* Build configuration list for PBXNativeTarget "IOS - How-To" */;
			buildPhases = (
				1DDF92C32478B45B00219DA9 /* Sources */,
				1DDF92C42478B45B00219DA9 /* Frameworks */,
				1DDF92C52478B45B00219DA9 /* Resources */,
			);
			buildRules = (
			);
			dependencies = (
			);
			name = "IOS - How-To";
			productName = "IOS - How-To";
			productReference = 1DDF92C72478B45B00219DA9 /* IOS - How-To.app */;
			productType = "com.apple.product-type.application";
		};
/* End PBXNativeTarget section */

/* Begin PBXProject section */
		1DDF92BF2478B45B00219DA9 /* Project object */ = {
			isa = PBXProject;
			attributes = {
				LastSwiftUpdateCheck = 1140;
				LastUpgradeCheck = 1140;
				ORGANIZATIONNAME = "Shawn James";
				TargetAttributes = {
					1DDF92C62478B45B00219DA9 = {
						CreatedOnToolsVersion = 11.4.1;
					};
				};
			};
			buildConfigurationList = 1DDF92C22478B45B00219DA9 /* Build configuration list for PBXProject "IOS - How-To" */;
			compatibilityVersion = "Xcode 9.3";
			developmentRegion = en;
			hasScannedForEncodings = 0;
			knownRegions = (
				en,
				Base,
			);
			mainGroup = 1DDF92BE2478B45B00219DA9;
			productRefGroup = 1DDF92C82478B45B00219DA9 /* Products */;
			projectDirPath = "";
			projectRoot = "";
			targets = (
				1DDF92C62478B45B00219DA9 /* IOS - How-To */,
			);
		};
/* End PBXProject section */

/* Begin PBXResourcesBuildPhase section */
		1DDF92C52478B45B00219DA9 /* Resources */ = {
			isa = PBXResourcesBuildPhase;
			buildActionMask = 2147483647;
			files = (
				1DDF92DA2478B45D00219DA9 /* LaunchScreen.storyboard in Resources */,
				1DDF92D72478B45D00219DA9 /* Assets.xcassets in Resources */,
				1DDF92D22478B45B00219DA9 /* Main.storyboard in Resources */,
			);
			runOnlyForDeploymentPostprocessing = 0;
		};
/* End PBXResourcesBuildPhase section */

/* Begin PBXSourcesBuildPhase section */
		1DDF92C32478B45B00219DA9 /* Sources */ = {
			isa = PBXSourcesBuildPhase;
			buildActionMask = 2147483647;
			files = (
				1DDF92CF2478B45B00219DA9 /* ViewController.swift in Sources */,
				1DDF92D52478B45B00219DA9 /* IOS___How_To.xcdatamodeld in Sources */,
				1DDF92CB2478B45B00219DA9 /* AppDelegate.swift in Sources */,
				1DDF92CD2478B45B00219DA9 /* SceneDelegate.swift in Sources */,
			);
			runOnlyForDeploymentPostprocessing = 0;
		};
/* End PBXSourcesBuildPhase section */

/* Begin PBXVariantGroup section */
		1DDF92D02478B45B00219DA9 /* Main.storyboard */ = {
			isa = PBXVariantGroup;
			children = (
				1DDF92D12478B45B00219DA9 /* Base */,
			);
			name = Main.storyboard;
			sourceTree = "<group>";
		};
		1DDF92D82478B45D00219DA9 /* LaunchScreen.storyboard */ = {
			isa = PBXVariantGroup;
			children = (
				1DDF92D92478B45D00219DA9 /* Base */,
			);
			name = LaunchScreen.storyboard;
			sourceTree = "<group>";
		};
/* End PBXVariantGroup section */

/* Begin XCBuildConfiguration section */
		1DDF92DC2478B45D00219DA9 /* Debug */ = {
			isa = XCBuildConfiguration;
			buildSettings = {
				ALWAYS_SEARCH_USER_PATHS = NO;
				CLANG_ANALYZER_NONNULL = YES;
				CLANG_ANALYZER_NUMBER_OBJECT_CONVERSION = YES_AGGRESSIVE;
				CLANG_CXX_LANGUAGE_STANDARD = "gnu++14";
				CLANG_CXX_LIBRARY = "libc++";
				CLANG_ENABLE_MODULES = YES;
				CLANG_ENABLE_OBJC_ARC = YES;
				CLANG_ENABLE_OBJC_WEAK = YES;
				CLANG_WARN_BLOCK_CAPTURE_AUTORELEASING = YES;
				CLANG_WARN_BOOL_CONVERSION = YES;
				CLANG_WARN_COMMA = YES;
				CLANG_WARN_CONSTANT_CONVERSION = YES;
				CLANG_WARN_DEPRECATED_OBJC_IMPLEMENTATIONS = YES;
				CLANG_WARN_DIRECT_OBJC_ISA_USAGE = YES_ERROR;
				CLANG_WARN_DOCUMENTATION_COMMENTS = YES;
				CLANG_WARN_EMPTY_BODY = YES;
				CLANG_WARN_ENUM_CONVERSION = YES;
				CLANG_WARN_INFINITE_RECURSION = YES;
				CLANG_WARN_INT_CONVERSION = YES;
				CLANG_WARN_NON_LITERAL_NULL_CONVERSION = YES;
				CLANG_WARN_OBJC_IMPLICIT_RETAIN_SELF = YES;
				CLANG_WARN_OBJC_LITERAL_CONVERSION = YES;
				CLANG_WARN_OBJC_ROOT_CLASS = YES_ERROR;
				CLANG_WARN_RANGE_LOOP_ANALYSIS = YES;
				CLANG_WARN_STRICT_PROTOTYPES = YES;
				CLANG_WARN_SUSPICIOUS_MOVE = YES;
				CLANG_WARN_UNGUARDED_AVAILABILITY = YES_AGGRESSIVE;
				CLANG_WARN_UNREACHABLE_CODE = YES;
				CLANG_WARN__DUPLICATE_METHOD_MATCH = YES;
				COPY_PHASE_STRIP = NO;
				DEBUG_INFORMATION_FORMAT = dwarf;
				ENABLE_STRICT_OBJC_MSGSEND = YES;
				ENABLE_TESTABILITY = YES;
				GCC_C_LANGUAGE_STANDARD = gnu11;
				GCC_DYNAMIC_NO_PIC = NO;
				GCC_NO_COMMON_BLOCKS = YES;
				GCC_OPTIMIZATION_LEVEL = 0;
				GCC_PREPROCESSOR_DEFINITIONS = (
					"DEBUG=1",
					"$(inherited)",
				);
				GCC_WARN_64_TO_32_BIT_CONVERSION = YES;
				GCC_WARN_ABOUT_RETURN_TYPE = YES_ERROR;
				GCC_WARN_UNDECLARED_SELECTOR = YES;
				GCC_WARN_UNINITIALIZED_AUTOS = YES_AGGRESSIVE;
				GCC_WARN_UNUSED_FUNCTION = YES;
				GCC_WARN_UNUSED_VARIABLE = YES;
				IPHONEOS_DEPLOYMENT_TARGET = 13.4;
				MTL_ENABLE_DEBUG_INFO = INCLUDE_SOURCE;
				MTL_FAST_MATH = YES;
				ONLY_ACTIVE_ARCH = YES;
				SDKROOT = iphoneos;
				SWIFT_ACTIVE_COMPILATION_CONDITIONS = DEBUG;
				SWIFT_OPTIMIZATION_LEVEL = "-Onone";
			};
			name = Debug;
		};
		1DDF92DD2478B45D00219DA9 /* Release */ = {
			isa = XCBuildConfiguration;
			buildSettings = {
				ALWAYS_SEARCH_USER_PATHS = NO;
				CLANG_ANALYZER_NONNULL = YES;
				CLANG_ANALYZER_NUMBER_OBJECT_CONVERSION = YES_AGGRESSIVE;
				CLANG_CXX_LANGUAGE_STANDARD = "gnu++14";
				CLANG_CXX_LIBRARY = "libc++";
				CLANG_ENABLE_MODULES = YES;
				CLANG_ENABLE_OBJC_ARC = YES;
				CLANG_ENABLE_OBJC_WEAK = YES;
				CLANG_WARN_BLOCK_CAPTURE_AUTORELEASING = YES;
				CLANG_WARN_BOOL_CONVERSION = YES;
				CLANG_WARN_COMMA = YES;
				CLANG_WARN_CONSTANT_CONVERSION = YES;
				CLANG_WARN_DEPRECATED_OBJC_IMPLEMENTATIONS = YES;
				CLANG_WARN_DIRECT_OBJC_ISA_USAGE = YES_ERROR;
				CLANG_WARN_DOCUMENTATION_COMMENTS = YES;
				CLANG_WARN_EMPTY_BODY = YES;
				CLANG_WARN_ENUM_CONVERSION = YES;
				CLANG_WARN_INFINITE_RECURSION = YES;
				CLANG_WARN_INT_CONVERSION = YES;
				CLANG_WARN_NON_LITERAL_NULL_CONVERSION = YES;
				CLANG_WARN_OBJC_IMPLICIT_RETAIN_SELF = YES;
				CLANG_WARN_OBJC_LITERAL_CONVERSION = YES;
				CLANG_WARN_OBJC_ROOT_CLASS = YES_ERROR;
				CLANG_WARN_RANGE_LOOP_ANALYSIS = YES;
				CLANG_WARN_STRICT_PROTOTYPES = YES;
				CLANG_WARN_SUSPICIOUS_MOVE = YES;
				CLANG_WARN_UNGUARDED_AVAILABILITY = YES_AGGRESSIVE;
				CLANG_WARN_UNREACHABLE_CODE = YES;
				CLANG_WARN__DUPLICATE_METHOD_MATCH = YES;
				COPY_PHASE_STRIP = NO;
				DEBUG_INFORMATION_FORMAT = "dwarf-with-dsym";
				ENABLE_NS_ASSERTIONS = NO;
				ENABLE_STRICT_OBJC_MSGSEND = YES;
				GCC_C_LANGUAGE_STANDARD = gnu11;
				GCC_NO_COMMON_BLOCKS = YES;
				GCC_WARN_64_TO_32_BIT_CONVERSION = YES;
				GCC_WARN_ABOUT_RETURN_TYPE = YES_ERROR;
				GCC_WARN_UNDECLARED_SELECTOR = YES;
				GCC_WARN_UNINITIALIZED_AUTOS = YES_AGGRESSIVE;
				GCC_WARN_UNUSED_FUNCTION = YES;
				GCC_WARN_UNUSED_VARIABLE = YES;
				IPHONEOS_DEPLOYMENT_TARGET = 13.4;
				MTL_ENABLE_DEBUG_INFO = NO;
				MTL_FAST_MATH = YES;
				SDKROOT = iphoneos;
				SWIFT_COMPILATION_MODE = wholemodule;
				SWIFT_OPTIMIZATION_LEVEL = "-O";
				VALIDATE_PRODUCT = YES;
			};
			name = Release;
		};
		1DDF92DF2478B45D00219DA9 /* Debug */ = {
			isa = XCBuildConfiguration;
			buildSettings = {
				ASSETCATALOG_COMPILER_APPICON_NAME = AppIcon;
				CODE_SIGN_STYLE = Automatic;
				DEVELOPMENT_TEAM = SKL49NTL5D;
				INFOPLIST_FILE = "IOS - How-To/Info.plist";
				LD_RUNPATH_SEARCH_PATHS = (
					"$(inherited)",
					"@executable_path/Frameworks",
				);
				PRODUCT_BUNDLE_IDENTIFIER = "com.shawnjames.IOS---How-To";
				PRODUCT_NAME = "$(TARGET_NAME)";
				SWIFT_VERSION = 5.0;
				TARGETED_DEVICE_FAMILY = "1,2";
			};
			name = Debug;
		};
		1DDF92E02478B45D00219DA9 /* Release */ = {
			isa = XCBuildConfiguration;
			buildSettings = {
				ASSETCATALOG_COMPILER_APPICON_NAME = AppIcon;
				CODE_SIGN_STYLE = Automatic;
				DEVELOPMENT_TEAM = SKL49NTL5D;
				INFOPLIST_FILE = "IOS - How-To/Info.plist";
				LD_RUNPATH_SEARCH_PATHS = (
					"$(inherited)",
					"@executable_path/Frameworks",
				);
				PRODUCT_BUNDLE_IDENTIFIER = "com.shawnjames.IOS---How-To";
				PRODUCT_NAME = "$(TARGET_NAME)";
				SWIFT_VERSION = 5.0;
				TARGETED_DEVICE_FAMILY = "1,2";
			};
			name = Release;
		};
/* End XCBuildConfiguration section */

/* Begin XCConfigurationList section */
		1DDF92C22478B45B00219DA9 /* Build configuration list for PBXProject "IOS - How-To" */ = {
			isa = XCConfigurationList;
			buildConfigurations = (
				1DDF92DC2478B45D00219DA9 /* Debug */,
				1DDF92DD2478B45D00219DA9 /* Release */,
			);
			defaultConfigurationIsVisible = 0;
			defaultConfigurationName = Release;
		};
		1DDF92DE2478B45D00219DA9 /* Build configuration list for PBXNativeTarget "IOS - How-To" */ = {
			isa = XCConfigurationList;
			buildConfigurations = (
				1DDF92DF2478B45D00219DA9 /* Debug */,
				1DDF92E02478B45D00219DA9 /* Release */,
			);
			defaultConfigurationIsVisible = 0;
			defaultConfigurationName = Release;
		};
/* End XCConfigurationList section */

/* Begin XCVersionGroup section */
		1DDF92D32478B45B00219DA9 /* IOS___How_To.xcdatamodeld */ = {
			isa = XCVersionGroup;
			children = (
				1DDF92D42478B45B00219DA9 /* IOS___How_To.xcdatamodel */,
			);
			currentVersion = 1DDF92D42478B45B00219DA9 /* IOS___How_To.xcdatamodel */;
			path = "IOS___How_To.xcdatamodeld";
			sourceTree = "<group>";
			versionGroupType = wrapper.xcdatamodel;
		};
/* End XCVersionGroup section */
	};
	rootObject = 1DDF92BF2478B45B00219DA9 /* Project object */;
}
